
Microsoft Visual Studio Solution File, Format Version 12.00
# Visual Studio 15
VisualStudioVersion = 15.0.27703.2035
MinimumVisualStudioVersion = 10.0.40219.1
Project("{FAE04EC0-301F-11D3-BF4B-00C04F79EFBC}") = "CurrencyCalc2.Android", "CurrencyCalc2\CurrencyCalc2.Android\CurrencyCalc2.Android.csproj", "{4E8FA381-6795-494E-A3F3-3925AEB26000}"
EndProject
Project("{FAE04EC0-301F-11D3-BF4B-00C04F79EFBC}") = "CurrencyCalc2.iOS", "CurrencyCalc2\CurrencyCalc2.iOS\CurrencyCalc2.iOS.csproj", "{7A96FC0D-2ADC-4AF8-B34B-E3B062D4D166}"
EndProject
Project("{FAE04EC0-301F-11D3-BF4B-00C04F79EFBC}") = "CurrencyCalc2.UWP", "CurrencyCalc2\CurrencyCalc2.UWP\CurrencyCalc2.UWP.csproj", "{6C92D436-FCBE-44FF-8905-80EA325A67D9}"
EndProject
Project("{FAE04EC0-301F-11D3-BF4B-00C04F79EFBC}") = "CurrencyCalc2", "CurrencyCalc2\CurrencyCalc2\CurrencyCalc2.csproj", "{F2B55981-B488-4E6E-BEEC-78053F60BF14}"
EndProject
Global
	GlobalSection(SolutionConfigurationPlatforms) = preSolution
		Ad-Hoc|Any CPU = Ad-Hoc|Any CPU
		Ad-Hoc|ARM = Ad-Hoc|ARM
		Ad-Hoc|iPhone = Ad-Hoc|iPhone
		Ad-Hoc|iPhoneSimulator = Ad-Hoc|iPhoneSimulator
		Ad-Hoc|x64 = Ad-Hoc|x64
		Ad-Hoc|x86 = Ad-Hoc|x86
		AppStore|Any CPU = AppStore|Any CPU
		AppStore|ARM = AppStore|ARM
		AppStore|iPhone = AppStore|iPhone
		AppStore|iPhoneSimulator = AppStore|iPhoneSimulator
		AppStore|x64 = AppStore|x64
		AppStore|x86 = AppStore|x86
		Debug|Any CPU = Debug|Any CPU
		Debug|ARM = Debug|ARM
		Debug|iPhone = Debug|iPhone
		Debug|iPhoneSimulator = Debug|iPhoneSimulator
		Debug|x64 = Debug|x64
		Debug|x86 = Debug|x86
		Release|Any CPU = Release|Any CPU
		Release|ARM = Release|ARM
		Release|iPhone = Release|iPhone
		Release|iPhoneSimulator = Release|iPhoneSimulator
		Release|x64 = Release|x64
		Release|x86 = Release|x86
	EndGlobalSection
	GlobalSection(ProjectConfigurationPlatforms) = postSolution
		{4E8FA381-6795-494E-A3F3-3925AEB26000}.Ad-Hoc|Any CPU.ActiveCfg = Release|Any CPU
		{4E8FA381-6795-494E-A3F3-3925AEB26000}.Ad-Hoc|Any CPU.Build.0 = Release|Any CPU
		{4E8FA381-6795-494E-A3F3-3925AEB26000}.Ad-Hoc|Any CPU.Deploy.0 = Release|Any CPU
		{4E8FA381-6795-494E-A3F3-3925AEB26000}.Ad-Hoc|ARM.ActiveCfg = Release|Any CPU
		{4E8FA381-6795-494E-A3F3-3925AEB26000}.Ad-Hoc|ARM.Build.0 = Release|Any CPU
		{4E8FA381-6795-494E-A3F3-3925AEB26000}.Ad-Hoc|ARM.Deploy.0 = Release|Any CPU
		{4E8FA381-6795-494E-A3F3-3925AEB26000}.Ad-Hoc|iPhone.ActiveCfg = Release|Any CPU
		{4E8FA381-6795-494E-A3F3-3925AEB26000}.Ad-Hoc|iPhone.Build.0 = Release|Any CPU
		{4E8FA381-6795-494E-A3F3-3925AEB26000}.Ad-Hoc|iPhone.Deploy.0 = Release|Any CPU
		{4E8FA381-6795-494E-A3F3-3925AEB26000}.Ad-Hoc|iPhoneSimulator.ActiveCfg = Release|Any CPU
		{4E8FA381-6795-494E-A3F3-3925AEB26000}.Ad-Hoc|iPhoneSimulator.Build.0 = Release|Any CPU
		{4E8FA381-6795-494E-A3F3-3925AEB26000}.Ad-Hoc|iPhoneSimulator.Deploy.0 = Release|Any CPU
		{4E8FA381-6795-494E-A3F3-3925AEB26000}.Ad-Hoc|x64.ActiveCfg = Release|Any CPU
		{4E8FA381-6795-494E-A3F3-3925AEB26000}.Ad-Hoc|x64.Build.0 = Release|Any CPU
		{4E8FA381-6795-494E-A3F3-3925AEB26000}.Ad-Hoc|x64.Deploy.0 = Release|Any CPU
		{4E8FA381-6795-494E-A3F3-3925AEB26000}.Ad-Hoc|x86.ActiveCfg = Release|Any CPU
		{4E8FA381-6795-494E-A3F3-3925AEB26000}.Ad-Hoc|x86.Build.0 = Release|Any CPU
		{4E8FA381-6795-494E-A3F3-3925AEB26000}.Ad-Hoc|x86.Deploy.0 = Release|Any CPU
		{4E8FA381-6795-494E-A3F3-3925AEB26000}.AppStore|Any CPU.ActiveCfg = Release|Any CPU
		{4E8FA381-6795-494E-A3F3-3925AEB26000}.AppStore|Any CPU.Build.0 = Release|Any CPU
		{4E8FA381-6795-494E-A3F3-3925AEB26000}.AppStore|Any CPU.Deploy.0 = Release|Any CPU
		{4E8FA381-6795-494E-A3F3-3925AEB26000}.AppStore|ARM.ActiveCfg = Release|Any CPU
		{4E8FA381-6795-494E-A3F3-3925AEB26000}.AppStore|ARM.Build.0 = Release|Any CPU
		{4E8FA381-6795-494E-A3F3-3925AEB26000}.AppStore|ARM.Deploy.0 = Release|Any CPU
		{4E8FA381-6795-494E-A3F3-3925AEB26000}.AppStore|iPhone.ActiveCfg = Release|Any CPU
		{4E8FA381-6795-494E-A3F3-3925AEB26000}.AppStore|iPhone.Build.0 = Release|Any CPU
		{4E8FA381-6795-494E-A3F3-3925AEB26000}.AppStore|iPhone.Deploy.0 = Release|Any CPU
		{4E8FA381-6795-494E-A3F3-3925AEB26000}.AppStore|iPhoneSimulator.ActiveCfg = Release|Any CPU
		{4E8FA381-6795-494E-A3F3-3925AEB26000}.AppStore|iPhoneSimulator.Build.0 = Release|Any CPU
		{4E8FA381-6795-494E-A3F3-3925AEB26000}.AppStore|iPhoneSimulator.Deploy.0 = Release|Any CPU
		{4E8FA381-6795-494E-A3F3-3925AEB26000}.AppStore|x64.ActiveCfg = Release|Any CPU
		{4E8FA381-6795-494E-A3F3-3925AEB26000}.AppStore|x64.Build.0 = Release|Any CPU
		{4E8FA381-6795-494E-A3F3-3925AEB26000}.AppStore|x64.Deploy.0 = Release|Any CPU
		{4E8FA381-6795-494E-A3F3-3925AEB26000}.AppStore|x86.ActiveCfg = Release|Any CPU
		{4E8FA381-6795-494E-A3F3-3925AEB26000}.AppStore|x86.Build.0 = Release|Any CPU
		{4E8FA381-6795-494E-A3F3-3925AEB26000}.AppStore|x86.Deploy.0 = Release|Any CPU
		{4E8FA381-6795-494E-A3F3-3925AEB26000}.Debug|Any CPU.ActiveCfg = Debug|Any CPU
		{4E8FA381-6795-494E-A3F3-3925AEB26000}.Debug|Any CPU.Build.0 = Debug|Any CPU
		{4E8FA381-6795-494E-A3F3-3925AEB26000}.Debug|Any CPU.Deploy.0 = Debug|Any CPU
		{4E8FA381-6795-494E-A3F3-3925AEB26000}.Debug|ARM.ActiveCfg = Debug|Any CPU
		{4E8FA381-6795-494E-A3F3-3925AEB26000}.Debug|ARM.Build.0 = Debug|Any CPU
		{4E8FA381-6795-494E-A3F3-3925AEB26000}.Debug|ARM.Deploy.0 = Debug|Any CPU
		{4E8FA381-6795-494E-A3F3-3925AEB26000}.Debug|iPhone.ActiveCfg = Debug|Any CPU
		{4E8FA381-6795-494E-A3F3-3925AEB26000}.Debug|iPhone.Build.0 = Debug|Any CPU
		{4E8FA381-6795-494E-A3F3-3925AEB26000}.Debug|iPhone.Deploy.0 = Debug|Any CPU
		{4E8FA381-6795-494E-A3F3-3925AEB26000}.Debug|iPhoneSimulator.ActiveCfg = Debug|Any CPU
		{4E8FA381-6795-494E-A3F3-3925AEB26000}.Debug|iPhoneSimulator.Build.0 = Debug|Any CPU
		{4E8FA381-6795-494E-A3F3-3925AEB26000}.Debug|iPhoneSimulator.Deploy.0 = Debug|Any CPU
		{4E8FA381-6795-494E-A3F3-3925AEB26000}.Debug|x64.ActiveCfg = Debug|Any CPU
		{4E8FA381-6795-494E-A3F3-3925AEB26000}.Debug|x64.Build.0 = Debug|Any CPU
		{4E8FA381-6795-494E-A3F3-3925AEB26000}.Debug|x64.Deploy.0 = Debug|Any CPU
		{4E8FA381-6795-494E-A3F3-3925AEB26000}.Debug|x86.ActiveCfg = Debug|Any CPU
		{4E8FA381-6795-494E-A3F3-3925AEB26000}.Debug|x86.Build.0 = Debug|Any CPU
		{4E8FA381-6795-494E-A3F3-3925AEB26000}.Debug|x86.Deploy.0 = Debug|Any CPU
		{4E8FA381-6795-494E-A3F3-3925AEB26000}.Release|Any CPU.ActiveCfg = Release|Any CPU
		{4E8FA381-6795-494E-A3F3-3925AEB26000}.Release|Any CPU.Build.0 = Release|Any CPU
		{4E8FA381-6795-494E-A3F3-3925AEB26000}.Release|Any CPU.Deploy.0 = Release|Any CPU
		{4E8FA381-6795-494E-A3F3-3925AEB26000}.Release|ARM.ActiveCfg = Release|Any CPU
		{4E8FA381-6795-494E-A3F3-3925AEB26000}.Release|ARM.Build.0 = Release|Any CPU
		{4E8FA381-6795-494E-A3F3-3925AEB26000}.Release|ARM.Deploy.0 = Release|Any CPU
		{4E8FA381-6795-494E-A3F3-3925AEB26000}.Release|iPhone.ActiveCfg = Release|Any CPU
		{4E8FA381-6795-494E-A3F3-3925AEB26000}.Release|iPhone.Build.0 = Release|Any CPU
		{4E8FA381-6795-494E-A3F3-3925AEB26000}.Release|iPhone.Deploy.0 = Release|Any CPU
		{4E8FA381-6795-494E-A3F3-3925AEB26000}.Release|iPhoneSimulator.ActiveCfg = Release|Any CPU
		{4E8FA381-6795-494E-A3F3-3925AEB26000}.Release|iPhoneSimulator.Build.0 = Release|Any CPU
		{4E8FA381-6795-494E-A3F3-3925AEB26000}.Release|iPhoneSimulator.Deploy.0 = Release|Any CPU
		{4E8FA381-6795-494E-A3F3-3925AEB26000}.Release|x64.ActiveCfg = Release|Any CPU
		{4E8FA381-6795-494E-A3F3-3925AEB26000}.Release|x64.Build.0 = Release|Any CPU
		{4E8FA381-6795-494E-A3F3-3925AEB26000}.Release|x64.Deploy.0 = Release|Any CPU
		{4E8FA381-6795-494E-A3F3-3925AEB26000}.Release|x86.ActiveCfg = Release|Any CPU
		{4E8FA381-6795-494E-A3F3-3925AEB26000}.Release|x86.Build.0 = Release|Any CPU
		{4E8FA381-6795-494E-A3F3-3925AEB26000}.Release|x86.Deploy.0 = Release|Any CPU
		{7A96FC0D-2ADC-4AF8-B34B-E3B062D4D166}.Ad-Hoc|Any CPU.ActiveCfg = Ad-Hoc|iPhone
		{7A96FC0D-2ADC-4AF8-B34B-E3B062D4D166}.Ad-Hoc|Any CPU.Build.0 = Ad-Hoc|iPhone
		{7A96FC0D-2ADC-4AF8-B34B-E3B062D4D166}.Ad-Hoc|Any CPU.Deploy.0 = Ad-Hoc|iPhone
		{7A96FC0D-2ADC-4AF8-B34B-E3B062D4D166}.Ad-Hoc|ARM.ActiveCfg = Ad-Hoc|iPhone
		{7A96FC0D-2ADC-4AF8-B34B-E3B062D4D166}.Ad-Hoc|ARM.Build.0 = Ad-Hoc|iPhone
		{7A96FC0D-2ADC-4AF8-B34B-E3B062D4D166}.Ad-Hoc|ARM.Deploy.0 = Ad-Hoc|iPhone
		{7A96FC0D-2ADC-4AF8-B34B-E3B062D4D166}.Ad-Hoc|iPhone.ActiveCfg = Ad-Hoc|iPhone
		{7A96FC0D-2ADC-4AF8-B34B-E3B062D4D166}.Ad-Hoc|iPhone.Build.0 = Ad-Hoc|iPhone
		{7A96FC0D-2ADC-4AF8-B34B-E3B062D4D166}.Ad-Hoc|iPhone.Deploy.0 = Ad-Hoc|iPhone
		{7A96FC0D-2ADC-4AF8-B34B-E3B062D4D166}.Ad-Hoc|iPhoneSimulator.ActiveCfg = Ad-Hoc|iPhoneSimulator
		{7A96FC0D-2ADC-4AF8-B34B-E3B062D4D166}.Ad-Hoc|iPhoneSimulator.Build.0 = Ad-Hoc|iPhoneSimulator
		{7A96FC0D-2ADC-4AF8-B34B-E3B062D4D166}.Ad-Hoc|iPhoneSimulator.Deploy.0 = Ad-Hoc|iPhoneSimulator
		{7A96FC0D-2ADC-4AF8-B34B-E3B062D4D166}.Ad-Hoc|x64.ActiveCfg = Ad-Hoc|iPhone
		{7A96FC0D-2ADC-4AF8-B34B-E3B062D4D166}.Ad-Hoc|x64.Build.0 = Ad-Hoc|iPhone
		{7A96FC0D-2ADC-4AF8-B34B-E3B062D4D166}.Ad-Hoc|x64.Deploy.0 = Ad-Hoc|iPhone
		{7A96FC0D-2ADC-4AF8-B34B-E3B062D4D166}.Ad-Hoc|x86.ActiveCfg = Ad-Hoc|iPhone
		{7A96FC0D-2ADC-4AF8-B34B-E3B062D4D166}.Ad-Hoc|x86.Build.0 = Ad-Hoc|iPhone
		{7A96FC0D-2ADC-4AF8-B34B-E3B062D4D166}.Ad-Hoc|x86.Deploy.0 = Ad-Hoc|iPhone
		{7A96FC0D-2ADC-4AF8-B34B-E3B062D4D166}.AppStore|Any CPU.ActiveCfg = AppStore|iPhone
		{7A96FC0D-2ADC-4AF8-B34B-E3B062D4D166}.AppStore|Any CPU.Build.0 = AppStore|iPhone
		{7A96FC0D-2ADC-4AF8-B34B-E3B062D4D166}.AppStore|Any CPU.Deploy.0 = AppStore|iPhone
		{7A96FC0D-2ADC-4AF8-B34B-E3B062D4D166}.AppStore|ARM.ActiveCfg = AppStore|iPhone
		{7A96FC0D-2ADC-4AF8-B34B-E3B062D4D166}.AppStore|ARM.Build.0 = AppStore|iPhone
		{7A96FC0D-2ADC-4AF8-B34B-E3B062D4D166}.AppStore|ARM.Deploy.0 = AppStore|iPhone
		{7A96FC0D-2ADC-4AF8-B34B-E3B062D4D166}.AppStore|iPhone.ActiveCfg = AppStore|iPhone
		{7A96FC0D-2ADC-4AF8-B34B-E3B062D4D166}.AppStore|iPhone.Build.0 = AppStore|iPhone
		{7A96FC0D-2ADC-4AF8-B34B-E3B062D4D166}.AppStore|iPhone.Deploy.0 = AppStore|iPhone
		{7A96FC0D-2ADC-4AF8-B34B-E3B062D4D166}.AppStore|iPhoneSimulator.ActiveCfg = AppStore|iPhoneSimulator
		{7A96FC0D-2ADC-4AF8-B34B-E3B062D4D166}.AppStore|iPhoneSimulator.Build.0 = AppStore|iPhoneSimulator
		{7A96FC0D-2ADC-4AF8-B34B-E3B062D4D166}.AppStore|iPhoneSimulator.Deploy.0 = AppStore|iPhoneSimulator
		{7A96FC0D-2ADC-4AF8-B34B-E3B062D4D166}.AppStore|x64.ActiveCfg = AppStore|iPhone
		{7A96FC0D-2ADC-4AF8-B34B-E3B062D4D166}.AppStore|x64.Build.0 = AppStore|iPhone
		{7A96FC0D-2ADC-4AF8-B34B-E3B062D4D166}.AppStore|x64.Deploy.0 = AppStore|iPhone
		{7A96FC0D-2ADC-4AF8-B34B-E3B062D4D166}.AppStore|x86.ActiveCfg = AppStore|iPhone
		{7A96FC0D-2ADC-4AF8-B34B-E3B062D4D166}.AppStore|x86.Build.0 = AppStore|iPhone
		{7A96FC0D-2ADC-4AF8-B34B-E3B062D4D166}.AppStore|x86.Deploy.0 = AppStore|iPhone
		{7A96FC0D-2ADC-4AF8-B34B-E3B062D4D166}.Debug|Any CPU.ActiveCfg = Debug|iPhone
		{7A96FC0D-2ADC-4AF8-B34B-E3B062D4D166}.Debug|Any CPU.Build.0 = Debug|iPhone
		{7A96FC0D-2ADC-4AF8-B34B-E3B062D4D166}.Debug|Any CPU.Deploy.0 = Debug|iPhone
		{7A96FC0D-2ADC-4AF8-B34B-E3B062D4D166}.Debug|ARM.ActiveCfg = Debug|iPhone
		{7A96FC0D-2ADC-4AF8-B34B-E3B062D4D166}.Debug|ARM.Build.0 = Debug|iPhone
		{7A96FC0D-2ADC-4AF8-B34B-E3B062D4D166}.Debug|ARM.Deploy.0 = Debug|iPhone
		{7A96FC0D-2ADC-4AF8-B34B-E3B062D4D166}.Debug|iPhone.ActiveCfg = Debug|iPhone
		{7A96FC0D-2ADC-4AF8-B34B-E3B062D4D166}.Debug|iPhone.Build.0 = Debug|iPhone
		{7A96FC0D-2ADC-4AF8-B34B-E3B062D4D166}.Debug|iPhone.Deploy.0 = Debug|iPhone
		{7A96FC0D-2ADC-4AF8-B34B-E3B062D4D166}.Debug|iPhoneSimulator.ActiveCfg = Debug|iPhoneSimulator
		{7A96FC0D-2ADC-4AF8-B34B-E3B062D4D166}.Debug|iPhoneSimulator.Build.0 = Debug|iPhoneSimulator
		{7A96FC0D-2ADC-4AF8-B34B-E3B062D4D166}.Debug|iPhoneSimulator.Deploy.0 = Debug|iPhoneSimulator
		{7A96FC0D-2ADC-4AF8-B34B-E3B062D4D166}.Debug|x64.ActiveCfg = Debug|iPhone
		{7A96FC0D-2ADC-4AF8-B34B-E3B062D4D166}.Debug|x64.Build.0 = Debug|iPhone
		{7A96FC0D-2ADC-4AF8-B34B-E3B062D4D166}.Debug|x64.Deploy.0 = Debug|iPhone
		{7A96FC0D-2ADC-4AF8-B34B-E3B062D4D166}.Debug|x86.ActiveCfg = Debug|iPhoneSimulator
		{7A96FC0D-2ADC-4AF8-B34B-E3B062D4D166}.Debug|x86.Build.0 = Debug|iPhoneSimulator
		{7A96FC0D-2ADC-4AF8-B34B-E3B062D4D166}.Debug|x86.Deploy.0 = Debug|iPhoneSimulator
		{7A96FC0D-2ADC-4AF8-B34B-E3B062D4D166}.Release|Any CPU.ActiveCfg = Release|iPhone
		{7A96FC0D-2ADC-4AF8-B34B-E3B062D4D166}.Release|Any CPU.Build.0 = Release|iPhone
		{7A96FC0D-2ADC-4AF8-B34B-E3B062D4D166}.Release|Any CPU.Deploy.0 = Release|iPhone
		{7A96FC0D-2ADC-4AF8-B34B-E3B062D4D166}.Release|ARM.ActiveCfg = Release|iPhone
		{7A96FC0D-2ADC-4AF8-B34B-E3B062D4D166}.Release|ARM.Build.0 = Release|iPhone
		{7A96FC0D-2ADC-4AF8-B34B-E3B062D4D166}.Release|ARM.Deploy.0 = Release|iPhone
		{7A96FC0D-2ADC-4AF8-B34B-E3B062D4D166}.Release|iPhone.ActiveCfg = Release|iPhone
		{7A96FC0D-2ADC-4AF8-B34B-E3B062D4D166}.Release|iPhone.Build.0 = Release|iPhone
		{7A96FC0D-2ADC-4AF8-B34B-E3B062D4D166}.Release|iPhone.Deploy.0 = Release|iPhone
		{7A96FC0D-2ADC-4AF8-B34B-E3B062D4D166}.Release|iPhoneSimulator.ActiveCfg = Release|iPhoneSimulator
		{7A96FC0D-2ADC-4AF8-B34B-E3B062D4D166}.Release|iPhoneSimulator.Build.0 = Release|iPhoneSimulator
		{7A96FC0D-2ADC-4AF8-B34B-E3B062D4D166}.Release|iPhoneSimulator.Deploy.0 = Release|iPhoneSimulator
		{7A96FC0D-2ADC-4AF8-B34B-E3B062D4D166}.Release|x64.ActiveCfg = Release|iPhone
		{7A96FC0D-2ADC-4AF8-B34B-E3B062D4D166}.Release|x64.Build.0 = Release|iPhone
		{7A96FC0D-2ADC-4AF8-B34B-E3B062D4D166}.Release|x64.Deploy.0 = Release|iPhone
		{7A96FC0D-2ADC-4AF8-B34B-E3B062D4D166}.Release|x86.ActiveCfg = Release|iPhone
		{7A96FC0D-2ADC-4AF8-B34B-E3B062D4D166}.Release|x86.Build.0 = Release|iPhone
		{7A96FC0D-2ADC-4AF8-B34B-E3B062D4D166}.Release|x86.Deploy.0 = Release|iPhone
		{6C92D436-FCBE-44FF-8905-80EA325A67D9}.Ad-Hoc|Any CPU.ActiveCfg = Release|x86
		{6C92D436-FCBE-44FF-8905-80EA325A67D9}.Ad-Hoc|Any CPU.Build.0 = Release|x86
		{6C92D436-FCBE-44FF-8905-80EA325A67D9}.Ad-Hoc|Any CPU.Deploy.0 = Release|x86
		{6C92D436-FCBE-44FF-8905-80EA325A67D9}.Ad-Hoc|ARM.ActiveCfg = Release|ARM
		{6C92D436-FCBE-44FF-8905-80EA325A67D9}.Ad-Hoc|ARM.Build.0 = Release|ARM
		{6C92D436-FCBE-44FF-8905-80EA325A67D9}.Ad-Hoc|ARM.Deploy.0 = Release|ARM
		{6C92D436-FCBE-44FF-8905-80EA325A67D9}.Ad-Hoc|iPhone.ActiveCfg = Release|x86
		{6C92D436-FCBE-44FF-8905-80EA325A67D9}.Ad-Hoc|iPhone.Build.0 = Release|x86
		{6C92D436-FCBE-44FF-8905-80EA325A67D9}.Ad-Hoc|iPhone.Deploy.0 = Release|x86
		{6C92D436-FCBE-44FF-8905-80EA325A67D9}.Ad-Hoc|iPhoneSimulator.ActiveCfg = Release|x86
		{6C92D436-FCBE-44FF-8905-80EA325A67D9}.Ad-Hoc|iPhoneSimulator.Build.0 = Release|x86
		{6C92D436-FCBE-44FF-8905-80EA325A67D9}.Ad-Hoc|iPhoneSimulator.Deploy.0 = Release|x86
		{6C92D436-FCBE-44FF-8905-80EA325A67D9}.Ad-Hoc|x64.ActiveCfg = Release|x64
		{6C92D436-FCBE-44FF-8905-80EA325A67D9}.Ad-Hoc|x64.Build.0 = Release|x64
		{6C92D436-FCBE-44FF-8905-80EA325A67D9}.Ad-Hoc|x64.Deploy.0 = Release|x64
		{6C92D436-FCBE-44FF-8905-80EA325A67D9}.Ad-Hoc|x86.ActiveCfg = Release|x86
		{6C92D436-FCBE-44FF-8905-80EA325A67D9}.Ad-Hoc|x86.Build.0 = Release|x86
		{6C92D436-FCBE-44FF-8905-80EA325A67D9}.Ad-Hoc|x86.Deploy.0 = Release|x86
		{6C92D436-FCBE-44FF-8905-80EA325A67D9}.AppStore|Any CPU.ActiveCfg = Release|x86
		{6C92D436-FCBE-44FF-8905-80EA325A67D9}.AppStore|Any CPU.Build.0 = Release|x86
		{6C92D436-FCBE-44FF-8905-80EA325A67D9}.AppStore|Any CPU.Deploy.0 = Release|x86
		{6C92D436-FCBE-44FF-8905-80EA325A67D9}.AppStore|ARM.ActiveCfg = Release|ARM
		{6C92D436-FCBE-44FF-8905-80EA325A67D9}.AppStore|ARM.Build.0 = Release|ARM
		{6C92D436-FCBE-44FF-8905-80EA325A67D9}.AppStore|ARM.Deploy.0 = Release|ARM
		{6C92D436-FCBE-44FF-8905-80EA325A67D9}.AppStore|iPhone.ActiveCfg = Release|x86
		{6C92D436-FCBE-44FF-8905-80EA325A67D9}.AppStore|iPhone.Build.0 = Release|x86
		{6C92D436-FCBE-44FF-8905-80EA325A67D9}.AppStore|iPhone.Deploy.0 = Release|x86
		{6C92D436-FCBE-44FF-8905-80EA325A67D9}.AppStore|iPhoneSimulator.ActiveCfg = Release|x86
		{6C92D436-FCBE-44FF-8905-80EA325A67D9}.AppStore|iPhoneSimulator.Build.0 = Release|x86
		{6C92D436-FCBE-44FF-8905-80EA325A67D9}.AppStore|iPhoneSimulator.Deploy.0 = Release|x86
		{6C92D436-FCBE-44FF-8905-80EA325A67D9}.AppStore|x64.ActiveCfg = Release|x64
		{6C92D436-FCBE-44FF-8905-80EA325A67D9}.AppStore|x64.Build.0 = Release|x64
		{6C92D436-FCBE-44FF-8905-80EA325A67D9}.AppStore|x64.Deploy.0 = Release|x64
		{6C92D436-FCBE-44FF-8905-80EA325A67D9}.AppStore|x86.ActiveCfg = Release|x86
		{6C92D436-FCBE-44FF-8905-80EA325A67D9}.AppStore|x86.Build.0 = Release|x86
		{6C92D436-FCBE-44FF-8905-80EA325A67D9}.AppStore|x86.Deploy.0 = Release|x86
		{6C92D436-FCBE-44FF-8905-80EA325A67D9}.Debug|Any CPU.ActiveCfg = Debug|x86
		{6C92D436-FCBE-44FF-8905-80EA325A67D9}.Debug|Any CPU.Build.0 = Debug|x86
		{6C92D436-FCBE-44FF-8905-80EA325A67D9}.Debug|Any CPU.Deploy.0 = Debug|x86
		{6C92D436-FCBE-44FF-8905-80EA325A67D9}.Debug|ARM.ActiveCfg = Debug|ARM
		{6C92D436-FCBE-44FF-8905-80EA325A67D9}.Debug|ARM.Build.0 = Debug|ARM
		{6C92D436-FCBE-44FF-8905-80EA325A67D9}.Debug|ARM.Deploy.0 = Debug|ARM
		{6C92D436-FCBE-44FF-8905-80EA325A67D9}.Debug|iPhone.ActiveCfg = Debug|x86
		{6C92D436-FCBE-44FF-8905-80EA325A67D9}.Debug|iPhone.Build.0 = Debug|x86
		{6C92D436-FCBE-44FF-8905-80EA325A67D9}.Debug|iPhone.Deploy.0 = Debug|x86
		{6C92D436-FCBE-44FF-8905-80EA325A67D9}.Debug|iPhoneSimulator.ActiveCfg = Debug|x86
		{6C92D436-FCBE-44FF-8905-80EA325A67D9}.Debug|iPhoneSimulator.Build.0 = Debug|x86
		{6C92D436-FCBE-44FF-8905-80EA325A67D9}.Debug|iPhoneSimulator.Deploy.0 = Debug|x86
		{6C92D436-FCBE-44FF-8905-80EA325A67D9}.Debug|x64.ActiveCfg = Debug|x64
		{6C92D436-FCBE-44FF-8905-80EA325A67D9}.Debug|x64.Build.0 = Debug|x64
		{6C92D436-FCBE-44FF-8905-80EA325A67D9}.Debug|x64.Deploy.0 = Debug|x64
		{6C92D436-FCBE-44FF-8905-80EA325A67D9}.Debug|x86.ActiveCfg = Debug|x86
		{6C92D436-FCBE-44FF-8905-80EA325A67D9}.Debug|x86.Build.0 = Debug|x86
		{6C92D436-FCBE-44FF-8905-80EA325A67D9}.Debug|x86.Deploy.0 = Debug|x86
		{6C92D436-FCBE-44FF-8905-80EA325A67D9}.Release|Any CPU.ActiveCfg = Release|x86
		{6C92D436-FCBE-44FF-8905-80EA325A67D9}.Release|Any CPU.Build.0 = Release|x86
		{6C92D436-FCBE-44FF-8905-80EA325A67D9}.Release|Any CPU.Deploy.0 = Release|x86
		{6C92D436-FCBE-44FF-8905-80EA325A67D9}.Release|ARM.ActiveCfg = Release|ARM
		{6C92D436-FCBE-44FF-8905-80EA325A67D9}.Release|ARM.Build.0 = Release|ARM
		{6C92D436-FCBE-44FF-8905-80EA325A67D9}.Release|ARM.Deploy.0 = Release|ARM
		{6C92D436-FCBE-44FF-8905-80EA325A67D9}.Release|iPhone.ActiveCfg = Release|x86
		{6C92D436-FCBE-44FF-8905-80EA325A67D9}.Release|iPhone.Build.0 = Release|x86
		{6C92D436-FCBE-44FF-8905-80EA325A67D9}.Release|iPhone.Deploy.0 = Release|x86
		{6C92D436-FCBE-44FF-8905-80EA325A67D9}.Release|iPhoneSimulator.ActiveCfg = Release|x86
		{6C92D436-FCBE-44FF-8905-80EA325A67D9}.Release|iPhoneSimulator.Build.0 = Release|x86
		{6C92D436-FCBE-44FF-8905-80EA325A67D9}.Release|iPhoneSimulator.Deploy.0 = Release|x86
		{6C92D436-FCBE-44FF-8905-80EA325A67D9}.Release|x64.ActiveCfg = Release|x64
		{6C92D436-FCBE-44FF-8905-80EA325A67D9}.Release|x64.Build.0 = Release|x64
		{6C92D436-FCBE-44FF-8905-80EA325A67D9}.Release|x64.Deploy.0 = Release|x64
		{6C92D436-FCBE-44FF-8905-80EA325A67D9}.Release|x86.ActiveCfg = Release|x86
		{6C92D436-FCBE-44FF-8905-80EA325A67D9}.Release|x86.Build.0 = Release|x86
		{6C92D436-FCBE-44FF-8905-80EA325A67D9}.Release|x86.Deploy.0 = Release|x86
		{F2B55981-B488-4E6E-BEEC-78053F60BF14}.Ad-Hoc|Any CPU.ActiveCfg = Debug|Any CPU
		{F2B55981-B488-4E6E-BEEC-78053F60BF14}.Ad-Hoc|Any CPU.Build.0 = Debug|Any CPU
		{F2B55981-B488-4E6E-BEEC-78053F60BF14}.Ad-Hoc|Any CPU.Deploy.0 = Debug|Any CPU
		{F2B55981-B488-4E6E-BEEC-78053F60BF14}.Ad-Hoc|ARM.ActiveCfg = Debug|Any CPU
		{F2B55981-B488-4E6E-BEEC-78053F60BF14}.Ad-Hoc|ARM.Build.0 = Debug|Any CPU
		{F2B55981-B488-4E6E-BEEC-78053F60BF14}.Ad-Hoc|ARM.Deploy.0 = Debug|Any CPU
		{F2B55981-B488-4E6E-BEEC-78053F60BF14}.Ad-Hoc|iPhone.ActiveCfg = Debug|Any CPU
		{F2B55981-B488-4E6E-BEEC-78053F60BF14}.Ad-Hoc|iPhone.Build.0 = Debug|Any CPU
		{F2B55981-B488-4E6E-BEEC-78053F60BF14}.Ad-Hoc|iPhone.Deploy.0 = Debug|Any CPU
		{F2B55981-B488-4E6E-BEEC-78053F60BF14}.Ad-Hoc|iPhoneSimulator.ActiveCfg = Debug|Any CPU
		{F2B55981-B488-4E6E-BEEC-78053F60BF14}.Ad-Hoc|iPhoneSimulator.Build.0 = Debug|Any CPU
		{F2B55981-B488-4E6E-BEEC-78053F60BF14}.Ad-Hoc|iPhoneSimulator.Deploy.0 = Debug|Any CPU
		{F2B55981-B488-4E6E-BEEC-78053F60BF14}.Ad-Hoc|x64.ActiveCfg = Debug|Any CPU
		{F2B55981-B488-4E6E-BEEC-78053F60BF14}.Ad-Hoc|x64.Build.0 = Debug|Any CPU
		{F2B55981-B488-4E6E-BEEC-78053F60BF14}.Ad-Hoc|x64.Deploy.0 = Debug|Any CPU
		{F2B55981-B488-4E6E-BEEC-78053F60BF14}.Ad-Hoc|x86.ActiveCfg = Debug|Any CPU
		{F2B55981-B488-4E6E-BEEC-78053F60BF14}.Ad-Hoc|x86.Build.0 = Debug|Any CPU
		{F2B55981-B488-4E6E-BEEC-78053F60BF14}.Ad-Hoc|x86.Deploy.0 = Debug|Any CPU
		{F2B55981-B488-4E6E-BEEC-78053F60BF14}.AppStore|Any CPU.ActiveCfg = Debug|Any CPU
		{F2B55981-B488-4E6E-BEEC-78053F60BF14}.AppStore|Any CPU.Build.0 = Debug|Any CPU
		{F2B55981-B488-4E6E-BEEC-78053F60BF14}.AppStore|Any CPU.Deploy.0 = Debug|Any CPU
		{F2B55981-B488-4E6E-BEEC-78053F60BF14}.AppStore|ARM.ActiveCfg = Debug|Any CPU
		{F2B55981-B488-4E6E-BEEC-78053F60BF14}.AppStore|ARM.Build.0 = Debug|Any CPU
		{F2B55981-B488-4E6E-BEEC-78053F60BF14}.AppStore|ARM.Deploy.0 = Debug|Any CPU
		{F2B55981-B488-4E6E-BEEC-78053F60BF14}.AppStore|iPhone.ActiveCfg = Debug|Any CPU
		{F2B55981-B488-4E6E-BEEC-78053F60BF14}.AppStore|iPhone.Build.0 = Debug|Any CPU
		{F2B55981-B488-4E6E-BEEC-78053F60BF14}.AppStore|iPhone.Deploy.0 = Debug|Any CPU
		{F2B55981-B488-4E6E-BEEC-78053F60BF14}.AppStore|iPhoneSimulator.ActiveCfg = Debug|Any CPU
		{F2B55981-B488-4E6E-BEEC-78053F60BF14}.AppStore|iPhoneSimulator.Build.0 = Debug|Any CPU
		{F2B55981-B488-4E6E-BEEC-78053F60BF14}.AppStore|iPhoneSimulator.Deploy.0 = Debug|Any CPU
		{F2B55981-B488-4E6E-BEEC-78053F60BF14}.AppStore|x64.ActiveCfg = Debug|Any CPU
		{F2B55981-B488-4E6E-BEEC-78053F60BF14}.AppStore|x64.Build.0 = Debug|Any CPU
		{F2B55981-B488-4E6E-BEEC-78053F60BF14}.AppStore|x64.Deploy.0 = Debug|Any CPU
		{F2B55981-B488-4E6E-BEEC-78053F60BF14}.AppStore|x86.ActiveCfg = Debug|Any CPU
		{F2B55981-B488-4E6E-BEEC-78053F60BF14}.AppStore|x86.Build.0 = Debug|Any CPU
		{F2B55981-B488-4E6E-BEEC-78053F60BF14}.AppStore|x86.Deploy.0 = Debug|Any CPU
		{F2B55981-B488-4E6E-BEEC-78053F60BF14}.Debug|Any CPU.ActiveCfg = Debug|Any CPU
		{F2B55981-B488-4E6E-BEEC-78053F60BF14}.Debug|Any CPU.Build.0 = Debug|Any CPU
		{F2B55981-B488-4E6E-BEEC-78053F60BF14}.Debug|Any CPU.Deploy.0 = Debug|Any CPU
		{F2B55981-B488-4E6E-BEEC-78053F60BF14}.Debug|ARM.ActiveCfg = Debug|Any CPU
		{F2B55981-B488-4E6E-BEEC-78053F60BF14}.Debug|ARM.Build.0 = Debug|Any CPU
		{F2B55981-B488-4E6E-BEEC-78053F60BF14}.Debug|ARM.Deploy.0 = Debug|Any CPU
		{F2B55981-B488-4E6E-BEEC-78053F60BF14}.Debug|iPhone.ActiveCfg = Debug|Any CPU
		{F2B55981-B488-4E6E-BEEC-78053F60BF14}.Debug|iPhone.Build.0 = Debug|Any CPU
		{F2B55981-B488-4E6E-BEEC-78053F60BF14}.Debug|iPhone.Deploy.0 = Debug|Any CPU
		{F2B55981-B488-4E6E-BEEC-78053F60BF14}.Debug|iPhoneSimulator.ActiveCfg = Debug|Any CPU
		{F2B55981-B488-4E6E-BEEC-78053F60BF14}.Debug|iPhoneSimulator.Build.0 = Debug|Any CPU
		{F2B55981-B488-4E6E-BEEC-78053F60BF14}.Debug|iPhoneSimulator.Deploy.0 = Debug|Any CPU
		{F2B55981-B488-4E6E-BEEC-78053F60BF14}.Debug|x64.ActiveCfg = Debug|Any CPU
		{F2B55981-B488-4E6E-BEEC-78053F60BF14}.Debug|x64.Build.0 = Debug|Any CPU
		{F2B55981-B488-4E6E-BEEC-78053F60BF14}.Debug|x64.Deploy.0 = Debug|Any CPU
		{F2B55981-B488-4E6E-BEEC-78053F60BF14}.Debug|x86.ActiveCfg = Debug|Any CPU
		{F2B55981-B488-4E6E-BEEC-78053F60BF14}.Debug|x86.Build.0 = Debug|Any CPU
		{F2B55981-B488-4E6E-BEEC-78053F60BF14}.Debug|x86.Deploy.0 = Debug|Any CPU
		{F2B55981-B488-4E6E-BEEC-78053F60BF14}.Release|Any CPU.ActiveCfg = Release|Any CPU
		{F2B55981-B488-4E6E-BEEC-78053F60BF14}.Release|Any CPU.Build.0 = Release|Any CPU
		{F2B55981-B488-4E6E-BEEC-78053F60BF14}.Release|Any CPU.Deploy.0 = Release|Any CPU
		{F2B55981-B488-4E6E-BEEC-78053F60BF14}.Release|ARM.ActiveCfg = Release|Any CPU
		{F2B55981-B488-4E6E-BEEC-78053F60BF14}.Release|ARM.Build.0 = Release|Any CPU
		{F2B55981-B488-4E6E-BEEC-78053F60BF14}.Release|ARM.Deploy.0 = Release|Any CPU
		{F2B55981-B488-4E6E-BEEC-78053F60BF14}.Release|iPhone.ActiveCfg = Release|Any CPU
		{F2B55981-B488-4E6E-BEEC-78053F60BF14}.Release|iPhone.Build.0 = Release|Any CPU
		{F2B55981-B488-4E6E-BEEC-78053F60BF14}.Release|iPhone.Deploy.0 = Release|Any CPU
		{F2B55981-B488-4E6E-BEEC-78053F60BF14}.Release|iPhoneSimulator.ActiveCfg = Release|Any CPU
		{F2B55981-B488-4E6E-BEEC-78053F60BF14}.Release|iPhoneSimulator.Build.0 = Release|Any CPU
		{F2B55981-B488-4E6E-BEEC-78053F60BF14}.Release|iPhoneSimulator.Deploy.0 = Release|Any CPU
		{F2B55981-B488-4E6E-BEEC-78053F60BF14}.Release|x64.ActiveCfg = Release|Any CPU
		{F2B55981-B488-4E6E-BEEC-78053F60BF14}.Release|x64.Build.0 = Release|Any CPU
		{F2B55981-B488-4E6E-BEEC-78053F60BF14}.Release|x64.Deploy.0 = Release|Any CPU
		{F2B55981-B488-4E6E-BEEC-78053F60BF14}.Release|x86.ActiveCfg = Release|Any CPU
		{F2B55981-B488-4E6E-BEEC-78053F60BF14}.Release|x86.Build.0 = Release|Any CPU
		{F2B55981-B488-4E6E-BEEC-78053F60BF14}.Release|x86.Deploy.0 = Release|Any CPU
	EndGlobalSection
	GlobalSection(SolutionProperties) = preSolution
		HideSolutionNode = FALSE
	EndGlobalSection
	GlobalSection(ExtensibilityGlobals) = postSolution
		SolutionGuid = {65632C2F-9EC4-479D-903E-EEE6E10B1724}
	EndGlobalSection
EndGlobal
